
Microsoft Visual Studio Solution File, Format Version 12.00
# Visual Studio 15
VisualStudioVersion = 15.0.28307.136
MinimumVisualStudioVersion = 10.0.40219.1
Project("{FAE04EC0-301F-11D3-BF4B-00C04F79EFBC}") = "AOC 2018", "AOC 2018\AOC 2018.csproj", "{27FC4815-19D8-44F7-AF27-A812C4E5131E}"
EndProject
Global
	GlobalSection(SolutionConfigurationPlatforms) = preSolution
		Debug|Any CPU = Debug|Any CPU
		Release|Any CPU = Release|Any CPU
	EndGlobalSection
	GlobalSection(ProjectConfigurationPlatforms) = postSolution
		{27FC4815-19D8-44F7-AF27-A812C4E5131E}.Debug|Any CPU.ActiveCfg = Debug|Any CPU
		{27FC4815-19D8-44F7-AF27-A812C4E5131E}.Debug|Any CPU.Build.0 = Debug|Any CPU
		{27FC4815-19D8-44F7-AF27-A812C4E5131E}.Release|Any CPU.ActiveCfg = Release|Any CPU
		{27FC4815-19D8-44F7-AF27-A812C4E5131E}.Release|Any CPU.Build.0 = Release|Any CPU
	EndGlobalSection
	GlobalSection(SolutionProperties) = preSolution
		HideSolutionNode = FALSE
	EndGlobalSection
	GlobalSection(ExtensibilityGlobals) = postSolution
		SolutionGuid = {C63589ED-1E38-42C5-AB02-E43E4920CD57}
	EndGlobalSection
EndGlobal
